PODS:
  - cloud_firestore (0.14.4):
    - Firebase/CoreOnly (~> 6.33.0)
    - Firebase/Firestore (~> 6.33.0)
    - firebase_core
    - Flutter
  - device_id (0.0.1):
    - Flutter
  - Firebase/CoreOnly (6.33.0):
    - FirebaseCore (= 6.10.3)
  - Firebase/Firestore (6.33.0):
    - Firebase/CoreOnly
    - FirebaseFirestore (~> 1.18.0)
  - firebase_core (0.5.3):
    - Firebase/CoreOnly (~> 6.33.0)
    - Flutter
  - FirebaseCore (6.10.3):
    - FirebaseCoreDiagnostics (~> 1.6)
    - GoogleUtilities/Environment (~> 6.7)
    - GoogleUtilities/Logger (~> 6.7)
  - FirebaseCoreDiagnostics (1.7.0):
    - GoogleDataTransport (~> 7.4)
    - GoogleUtilities/Environment (~> 6.7)
    - GoogleUtilities/Logger (~> 6.7)
    - nanopb (~> 1.30906.0)
  - FirebaseFirestore (1.18.0)
  - Flutter (1.0.0)
  - flutter_webrtc (0.2.2):
    - Flutter
    - GoogleWebRTC (= 1.1.31999)
    - Libyuv (= 1703)
  - GoogleDataTransport (7.5.1):
    - nanopb (~> 1.30906.0)
  - GoogleUtilities/Environment (6.7.2):
    - PromisesObjC (~> 1.2)
  - GoogleUtilities/Logger (6.7.2):
    - GoogleUtilities/Environment
  - GoogleWebRTC (1.1.31999)
  - Libyuv (1703)
  - nanopb (1.30906.0):
    - nanopb/decode (= 1.30906.0)
    - nanopb/encode (= 1.30906.0)
  - nanopb/decode (1.30906.0)
  - nanopb/encode (1.30906.0)
  - package_info (0.0.1):
    - Flutter
  - PromisesObjC (1.2.11)
  - speech_to_text (0.0.1):
    - Flutter
    - Try
  - Try (2.1.1)

DEPENDENCIES:
  - cloud_firestore (from `.symlinks/plugins/cloud_firestore/ios`)
  - device_id (from `.symlinks/plugins/device_id/ios`)
  - firebase_core (from `.symlinks/plugins/firebase_core/ios`)
  - FirebaseFirestore (from `https://github.com/invertase/firestore-ios-sdk-frameworks.git`, tag `6.33.0`)
  - Flutter (from `Flutter`)
  - flutter_webrtc (from `.symlinks/plugins/flutter_webrtc/ios`)
  - package_info (from `.symlinks/plugins/package_info/ios`)
  - speech_to_text (from `.symlinks/plugins/speech_to_text/ios`)

SPEC REPOS:
  trunk:
    - Firebase
    - FirebaseCore
    - FirebaseCoreDiagnostics
    - GoogleDataTransport
    - GoogleUtilities
    - GoogleWebRTC
    - Libyuv
    - nanopb
    - PromisesObjC
    - Try

EXTERNAL SOURCES:
  cloud_firestore:
    :path: ".symlinks/plugins/cloud_firestore/ios"
  device_id:
    :path: ".symlinks/plugins/device_id/ios"
  firebase_core:
    :path: ".symlinks/plugins/firebase_core/ios"
  FirebaseFirestore:
    :git: https://github.com/invertase/firestore-ios-sdk-frameworks.git
    :tag: 6.33.0
  Flutter:
    :path: Flutter
  flutter_webrtc:
    :path: ".symlinks/plugins/flutter_webrtc/ios"
  package_info:
    :path: ".symlinks/plugins/package_info/ios"
  speech_to_text:
    :path: ".symlinks/plugins/speech_to_text/ios"

CHECKOUT OPTIONS:
  FirebaseFirestore:
    :git: https://github.com/invertase/firestore-ios-sdk-frameworks.git
    :tag: 6.33.0

SPEC CHECKSUMS:
  cloud_firestore: b8c0e15fa49dfff87c2817d288b577e5dca2df13
  device_id: 4a0bf078741a3eec6ba0e6cc72e786395d5991b0
  Firebase: 8db6f2d1b2c5e2984efba4949a145875a8f65fe5
  firebase_core: 5d6a02f3d85acd5f8321c2d6d62877626a670659
  FirebaseCore: d889d9e12535b7f36ac8bfbf1713a0836a3012cd
  FirebaseCoreDiagnostics: 770ac5958e1372ce67959ae4b4f31d8e127c3ac1
  FirebaseFirestore: 4e00bcfe64c4cb493124b87e249abe6c580403c7
  Flutter: 0e3d915762c693b495b44d77113d4970485de6ec
  flutter_webrtc: 39898454258b54ba51996850d5da8d5d53bf1524
  GoogleDataTransport: f56af7caa4ed338dc8e138a5d7c5973e66440833
  GoogleUtilities: 7f2f5a07f888cdb145101d6042bc4422f57e70b3
  GoogleWebRTC: b39a78c4f5cc6b0323415b9233db03a2faa7b0f0
  Libyuv: 5f79ced0ee66e60a612ca97de1e6ccacd187a437
  nanopb: 59317e09cf1f1a0af72f12af412d54edf52603fc
  package_info: 873975fc26034f0b863a300ad47e7f1ac6c7ec62
  PromisesObjC: 8c196f5a328c2cba3e74624585467a557dcb482f
  speech_to_text: b43a7d99aef037bd758ed8e45d79bbac035d2dfe
  Try: 5ef669ae832617b3cee58cb2c6f99fb767a4ff96

PODFILE CHECKSUM: 5d77dabcf90e1634a9c933252de18e638733ea42

COCOAPODS: 1.10.0
